
Microsoft Visual Studio Solution File, Format Version 12.00
# Visual Studio Version 16
VisualStudioVersion = 16.0.808.9
MinimumVisualStudioVersion = 10.0.40219.1
Project("{FAE04EC0-301F-11D3-BF4B-00C04F79EFBC}") = "LinkedListsStacksQueues", "LinkedListsStacksQueues\LinkedListsStacksQueues.csproj", "{8F3CE6EC-745D-4871-8002-49C68AEC0066}"
EndProject
Global
	GlobalSection(SolutionConfigurationPlatforms) = preSolution
		Debug|Any CPU = Debug|Any CPU
		Release|Any CPU = Release|Any CPU
	EndGlobalSection
	GlobalSection(ProjectConfigurationPlatforms) = postSolution
		{8F3CE6EC-745D-4871-8002-49C68AEC0066}.Debug|Any CPU.ActiveCfg = Debug|Any CPU
		{8F3CE6EC-745D-4871-8002-49C68AEC0066}.Debug|Any CPU.Build.0 = Debug|Any CPU
		{8F3CE6EC-745D-4871-8002-49C68AEC0066}.Release|Any CPU.ActiveCfg = Release|Any CPU
		{8F3CE6EC-745D-4871-8002-49C68AEC0066}.Release|Any CPU.Build.0 = Release|Any CPU
	EndGlobalSection
	GlobalSection(SolutionProperties) = preSolution
		HideSolutionNode = FALSE
	EndGlobalSection
	GlobalSection(ExtensibilityGlobals) = postSolution
		SolutionGuid = {B53CBD08-E1BF-402B-9D90-FFC3F074D74D}
	EndGlobalSection
EndGlobal
